{
  "name": "basic-api-docs",
  "version": "1.0.0",
  "lockfileVersion": 3,
  "requires": true,
  "packages": {
    "": {
      "name": "basic-api-docs",
      "version": "1.0.0",
      "license": "MIT",
      "dependencies": {
        "swaglex": "file:../.."
      }
    },
    "../..": {
      "version": "1.0.0",
      "license": "MIT",
      "dependencies": {
        "cors": "^2.8.5",
        "express": "^4.0.0",
        "swagger-ui-express": "^5.0.0",
        "yaml": "^2.3.4"
      },
      "devDependencies": {
        "swagger-ui-dist": "^5.30.2"
      },
      "engines": {
        "node": ">=14.0.0"
      },
      "peerDependencies": {
        "express": "^4.0.0"
      }
    },
    "node_modules/swaglex": {
      "resolved": "../..",
      "link": true
    }
  }
}
